
Microsoft Visual Studio Solution File, Format Version 12.00
# Visual Studio 15
VisualStudioVersion = 15.0.27703.2042
MinimumVisualStudioVersion = 10.0.40219.1
Project("{9A19103F-16F7-4668-BE54-9A1E7A4F7556}") = "RestUserApi", "RestUserApi\RestUserApi.csproj", "{60ECBDAF-F149-49C2-B84A-8F344D79D709}"
EndProject
Project("{9A19103F-16F7-4668-BE54-9A1E7A4F7556}") = "DataAccess", "DataAccess\DataAccess.csproj", "{A9B6B09B-852C-4145-B271-5BA9E6FA101C}"
EndProject
Project("{9A19103F-16F7-4668-BE54-9A1E7A4F7556}") = "RepositoryCommon", "RepositoryCommon\RepositoryCommon.csproj", "{3B47C269-296F-4103-A6AA-821B1BA3D5C3}"
EndProject
Project("{9A19103F-16F7-4668-BE54-9A1E7A4F7556}") = "BusinessLayer", "BusinessLayer\BusinessLayer.csproj", "{22C898D2-D563-464C-86F8-A097CC7B63EE}"
EndProject
Project("{9A19103F-16F7-4668-BE54-9A1E7A4F7556}") = "ExerciseVMTest", "SimpleExerciseVMTest\ExerciseVMTest.csproj", "{29354DB7-E410-4272-A30F-1446307FBAFD}"
EndProject
Global
	GlobalSection(SolutionConfigurationPlatforms) = preSolution
		Debug|Any CPU = Debug|Any CPU
		Release|Any CPU = Release|Any CPU
	EndGlobalSection
	GlobalSection(ProjectConfigurationPlatforms) = postSolution
		{60ECBDAF-F149-49C2-B84A-8F344D79D709}.Debug|Any CPU.ActiveCfg = Debug|Any CPU
		{60ECBDAF-F149-49C2-B84A-8F344D79D709}.Debug|Any CPU.Build.0 = Debug|Any CPU
		{60ECBDAF-F149-49C2-B84A-8F344D79D709}.Release|Any CPU.ActiveCfg = Release|Any CPU
		{60ECBDAF-F149-49C2-B84A-8F344D79D709}.Release|Any CPU.Build.0 = Release|Any CPU
		{A9B6B09B-852C-4145-B271-5BA9E6FA101C}.Debug|Any CPU.ActiveCfg = Debug|Any CPU
		{A9B6B09B-852C-4145-B271-5BA9E6FA101C}.Debug|Any CPU.Build.0 = Debug|Any CPU
		{A9B6B09B-852C-4145-B271-5BA9E6FA101C}.Release|Any CPU.ActiveCfg = Release|Any CPU
		{A9B6B09B-852C-4145-B271-5BA9E6FA101C}.Release|Any CPU.Build.0 = Release|Any CPU
		{3B47C269-296F-4103-A6AA-821B1BA3D5C3}.Debug|Any CPU.ActiveCfg = Debug|Any CPU
		{3B47C269-296F-4103-A6AA-821B1BA3D5C3}.Debug|Any CPU.Build.0 = Debug|Any CPU
		{3B47C269-296F-4103-A6AA-821B1BA3D5C3}.Release|Any CPU.ActiveCfg = Release|Any CPU
		{3B47C269-296F-4103-A6AA-821B1BA3D5C3}.Release|Any CPU.Build.0 = Release|Any CPU
		{22C898D2-D563-464C-86F8-A097CC7B63EE}.Debug|Any CPU.ActiveCfg = Debug|Any CPU
		{22C898D2-D563-464C-86F8-A097CC7B63EE}.Debug|Any CPU.Build.0 = Debug|Any CPU
		{22C898D2-D563-464C-86F8-A097CC7B63EE}.Release|Any CPU.ActiveCfg = Release|Any CPU
		{22C898D2-D563-464C-86F8-A097CC7B63EE}.Release|Any CPU.Build.0 = Release|Any CPU
		{29354DB7-E410-4272-A30F-1446307FBAFD}.Debug|Any CPU.ActiveCfg = Debug|Any CPU
		{29354DB7-E410-4272-A30F-1446307FBAFD}.Debug|Any CPU.Build.0 = Debug|Any CPU
		{29354DB7-E410-4272-A30F-1446307FBAFD}.Release|Any CPU.ActiveCfg = Release|Any CPU
		{29354DB7-E410-4272-A30F-1446307FBAFD}.Release|Any CPU.Build.0 = Release|Any CPU
	EndGlobalSection
	GlobalSection(SolutionProperties) = preSolution
		HideSolutionNode = FALSE
	EndGlobalSection
	GlobalSection(ExtensibilityGlobals) = postSolution
		SolutionGuid = {B56BF322-C636-45E6-9BF5-0DF8EE0ED8F0}
	EndGlobalSection
EndGlobal
